// !$*UTF8*$!
{
	archiveVersion = 1;
	classes = {
	};
	objectVersion = 46;
	objects = {

/* Begin PBXBuildFile section */
		22DDD84617FD9D4600751412 /* InfoPlist.strings in Resources */ = {isa = PBXBuildFile; fileRef = 22DDD84417FD9D4600751412 /* InfoPlist.strings */; };
		22DDD85517FD9D4600751412 /* Artemis-Cpp.framework in Frameworks */ = {isa = PBXBuildFile; fileRef = 22DDD83817FD9D4600751412 /* Artemis-Cpp.framework */; };
		22DDD87E17FD9F9300751412 /* Component.cpp in Sources */ = {isa = PBXBuildFile; fileRef = 22DDD86F17FD9F9300751412 /* Component.cpp */; };
		22DDD87F17FD9F9300751412 /* ComponentType.cpp in Sources */ = {isa = PBXBuildFile; fileRef = 22DDD87017FD9F9300751412 /* ComponentType.cpp */; };
		22DDD88017FD9F9300751412 /* ComponentTypeManager.cpp in Sources */ = {isa = PBXBuildFile; fileRef = 22DDD87117FD9F9300751412 /* ComponentTypeManager.cpp */; };
		22DDD88117FD9F9300751412 /* DelayedEntityProcessingSystem.cpp in Sources */ = {isa = PBXBuildFile; fileRef = 22DDD87217FD9F9300751412 /* DelayedEntityProcessingSystem.cpp */; };
		22DDD88217FD9F9300751412 /* DelayedEntitySystem.cpp in Sources */ = {isa = PBXBuildFile; fileRef = 22DDD87317FD9F9300751412 /* DelayedEntitySystem.cpp */; };
		22DDD88317FD9F9300751412 /* Entity in Resources */ = {isa = PBXBuildFile; fileRef = 22DDD87417FD9F9300751412 /* Entity */; };
		22DDD88417FD9F9300751412 /* Entity.cpp in Sources */ = {isa = PBXBuildFile; fileRef = 22DDD87517FD9F9300751412 /* Entity.cpp */; };
		22DDD88517FD9F9300751412 /* EntityManager.cpp in Sources */ = {isa = PBXBuildFile; fileRef = 22DDD87617FD9F9300751412 /* EntityManager.cpp */; };
		22DDD88617FD9F9300751412 /* EntityProcessingSystem.cpp in Sources */ = {isa = PBXBuildFile; fileRef = 22DDD87717FD9F9300751412 /* EntityProcessingSystem.cpp */; };
		22DDD88717FD9F9300751412 /* EntitySystem.cpp in Sources */ = {isa = PBXBuildFile; fileRef = 22DDD87817FD9F9300751412 /* EntitySystem.cpp */; };
		22DDD88817FD9F9300751412 /* GroupManager.cpp in Sources */ = {isa = PBXBuildFile; fileRef = 22DDD87917FD9F9300751412 /* GroupManager.cpp */; };
		22DDD88917FD9F9300751412 /* SystemBitManager.cpp in Sources */ = {isa = PBXBuildFile; fileRef = 22DDD87A17FD9F9300751412 /* SystemBitManager.cpp */; };
		22DDD88A17FD9F9300751412 /* SystemManager.cpp in Sources */ = {isa = PBXBuildFile; fileRef = 22DDD87B17FD9F9300751412 /* SystemManager.cpp */; };
		22DDD88B17FD9F9300751412 /* TagManager.cpp in Sources */ = {isa = PBXBuildFile; fileRef = 22DDD87C17FD9F9300751412 /* TagManager.cpp */; };
		22DDD88C17FD9F9300751412 /* World.cpp in Sources */ = {isa = PBXBuildFile; fileRef = 22DDD87D17FD9F9300751412 /* World.cpp */; };
		22DDD8A017FD9FA000751412 /* Artemis.h in Headers */ = {isa = PBXBuildFile; fileRef = 22DDD88D17FD9FA000751412 /* Artemis.h */; settings = {ATTRIBUTES = (Public, ); }; };
		22DDD8A117FD9FA000751412 /* BitSize.h in Headers */ = {isa = PBXBuildFile; fileRef = 22DDD88E17FD9FA000751412 /* BitSize.h */; settings = {ATTRIBUTES = (Public, ); }; };
		22DDD8A217FD9FA000751412 /* Component.h in Headers */ = {isa = PBXBuildFile; fileRef = 22DDD88F17FD9FA000751412 /* Component.h */; settings = {ATTRIBUTES = (Public, ); }; };
		22DDD8A317FD9FA000751412 /* ComponentMapper.h in Headers */ = {isa = PBXBuildFile; fileRef = 22DDD89017FD9FA000751412 /* ComponentMapper.h */; settings = {ATTRIBUTES = (Public, ); }; };
		22DDD8A417FD9FA000751412 /* ComponentType.h in Headers */ = {isa = PBXBuildFile; fileRef = 22DDD89117FD9FA000751412 /* ComponentType.h */; settings = {ATTRIBUTES = (Public, ); }; };
		22DDD8A517FD9FA000751412 /* ComponentTypeManager.h in Headers */ = {isa = PBXBuildFile; fileRef = 22DDD89217FD9FA000751412 /* ComponentTypeManager.h */; settings = {ATTRIBUTES = (Public, ); }; };
		22DDD8A617FD9FA000751412 /* DelayedEntityProcessingSystem.h in Headers */ = {isa = PBXBuildFile; fileRef = 22DDD89317FD9FA000751412 /* DelayedEntityProcessingSystem.h */; settings = {ATTRIBUTES = (Public, ); }; };
		22DDD8A717FD9FA000751412 /* DelayedEntitySystem.h in Headers */ = {isa = PBXBuildFile; fileRef = 22DDD89417FD9FA000751412 /* DelayedEntitySystem.h */; settings = {ATTRIBUTES = (Public, ); }; };
		22DDD8A817FD9FA000751412 /* Entity.h in Headers */ = {isa = PBXBuildFile; fileRef = 22DDD89517FD9FA000751412 /* Entity.h */; settings = {ATTRIBUTES = (Public, ); }; };
		22DDD8A917FD9FA000751412 /* EntityManager.h in Headers */ = {isa = PBXBuildFile; fileRef = 22DDD89617FD9FA000751412 /* EntityManager.h */; settings = {ATTRIBUTES = (Public, ); }; };
		22DDD8AA17FD9FA000751412 /* EntityProcessingSystem.h in Headers */ = {isa = PBXBuildFile; fileRef = 22DDD89717FD9FA000751412 /* EntityProcessingSystem.h */; settings = {ATTRIBUTES = (Public, ); }; };
		22DDD8AB17FD9FA000751412 /* EntitySystem.h in Headers */ = {isa = PBXBuildFile; fileRef = 22DDD89817FD9FA000751412 /* EntitySystem.h */; settings = {ATTRIBUTES = (Public, ); }; };
		22DDD8AC17FD9FA000751412 /* GroupManager.h in Headers */ = {isa = PBXBuildFile; fileRef = 22DDD89917FD9FA000751412 /* GroupManager.h */; settings = {ATTRIBUTES = (Public, ); }; };
		22DDD8AD17FD9FA000751412 /* ImmutableBag.h in Headers */ = {isa = PBXBuildFile; fileRef = 22DDD89A17FD9FA000751412 /* ImmutableBag.h */; settings = {ATTRIBUTES = (Public, ); }; };
		22DDD8AE17FD9FA000751412 /* SystemBitManager.h in Headers */ = {isa = PBXBuildFile; fileRef = 22DDD89B17FD9FA000751412 /* SystemBitManager.h */; settings = {ATTRIBUTES = (Public, ); }; };
		22DDD8AF17FD9FA000751412 /* SystemManager.h in Headers */ = {isa = PBXBuildFile; fileRef = 22DDD89C17FD9FA000751412 /* SystemManager.h */; settings = {ATTRIBUTES = (Public, ); }; };
		22DDD8B017FD9FA000751412 /* TagManager.h in Headers */ = {isa = PBXBuildFile; fileRef = 22DDD89D17FD9FA000751412 /* TagManager.h */; settings = {ATTRIBUTES = (Public, ); }; };
		22DDD8B117FD9FA000751412 /* TypeInfoComparator.h in Headers */ = {isa = PBXBuildFile; fileRef = 22DDD89E17FD9FA000751412 /* TypeInfoComparator.h */; settings = {ATTRIBUTES = (Public, ); }; };
		22DDD8B217FD9FA000751412 /* World.h in Headers */ = {isa = PBXBuildFile; fileRef = 22DDD89F17FD9FA000751412 /* World.h */; settings = {ATTRIBUTES = (Public, ); }; };
/* End PBXBuildFile section */

/* Begin PBXContainerItemProxy section */
		22DDD85317FD9D4600751412 /* PBXContainerItemProxy */ = {
			isa = PBXContainerItemProxy;
			containerPortal = 22DDD82F17FD9D4600751412 /* Project object */;
			proxyType = 1;
			remoteGlobalIDString = 22DDD83717FD9D4600751412;
			remoteInfo = "Artemis-Cpp";
		};
/* End PBXContainerItemProxy section */

/* Begin PBXFileReference section */
		22DDD83817FD9D4600751412 /* Artemis-Cpp.framework */ = {isa = PBXFileReference; explicitFileType = wrapper.framework; includeInIndex = 0; path = "Artemis-Cpp.framework"; sourceTree = BUILT_PRODUCTS_DIR; };
		22DDD84317FD9D4600751412 /* Artemis-Cpp-Info.plist */ = {isa = PBXFileReference; lastKnownFileType = text.plist.xml; path = "Artemis-Cpp-Info.plist"; sourceTree = "<group>"; };
		22DDD84517FD9D4600751412 /* en */ = {isa = PBXFileReference; lastKnownFileType = text.plist.strings; name = en; path = en.lproj/InfoPlist.strings; sourceTree = "<group>"; };
		22DDD84717FD9D4600751412 /* Artemis-Cpp-Prefix.pch */ = {isa = PBXFileReference; lastKnownFileType = sourcecode.c.h; path = "Artemis-Cpp-Prefix.pch"; sourceTree = "<group>"; };
		22DDD84F17FD9D4600751412 /* Artemis-CppTests.xctest */ = {isa = PBXFileReference; explicitFileType = wrapper.cfbundle; includeInIndex = 0; path = "Artemis-CppTests.xctest"; sourceTree = BUILT_PRODUCTS_DIR; };
		22DDD86F17FD9F9300751412 /* Component.cpp */ = {isa = PBXFileReference; fileEncoding = 4; lastKnownFileType = sourcecode.cpp.cpp; name = Component.cpp; path = ../../../src/Component.cpp; sourceTree = "<group>"; };
		22DDD87017FD9F9300751412 /* ComponentType.cpp */ = {isa = PBXFileReference; fileEncoding = 4; lastKnownFileType = sourcecode.cpp.cpp; name = ComponentType.cpp; path = ../../../src/ComponentType.cpp; sourceTree = "<group>"; };
		22DDD87117FD9F9300751412 /* ComponentTypeManager.cpp */ = {isa = PBXFileReference; fileEncoding = 4; lastKnownFileType = sourcecode.cpp.cpp; name = ComponentTypeManager.cpp; path = ../../../src/ComponentTypeManager.cpp; sourceTree = "<group>"; };
		22DDD87217FD9F9300751412 /* DelayedEntityProcessingSystem.cpp */ = {isa = PBXFileReference; fileEncoding = 4; lastKnownFileType = sourcecode.cpp.cpp; name = DelayedEntityProcessingSystem.cpp; path = ../../../src/DelayedEntityProcessingSystem.cpp; sourceTree = "<group>"; };
		22DDD87317FD9F9300751412 /* DelayedEntitySystem.cpp */ = {isa = PBXFileReference; fileEncoding = 4; lastKnownFileType = sourcecode.cpp.cpp; name = DelayedEntitySystem.cpp; path = ../../../src/DelayedEntitySystem.cpp; sourceTree = "<group>"; };
		22DDD87417FD9F9300751412 /* Entity */ = {isa = PBXFileReference; fileEncoding = 4; lastKnownFileType = text; name = Entity; path = ../../../src/Entity; sourceTree = "<group>"; };
		22DDD87517FD9F9300751412 /* Entity.cpp */ = {isa = PBXFileReference; fileEncoding = 4; lastKnownFileType = sourcecode.cpp.cpp; name = Entity.cpp; path = ../../../src/Entity.cpp; sourceTree = "<group>"; };
		22DDD87617FD9F9300751412 /* EntityManager.cpp */ = {isa = PBXFileReference; fileEncoding = 4; lastKnownFileType = sourcecode.cpp.cpp; name = EntityManager.cpp; path = ../../../src/EntityManager.cpp; sourceTree = "<group>"; };
		22DDD87717FD9F9300751412 /* EntityProcessingSystem.cpp */ = {isa = PBXFileReference; fileEncoding = 4; lastKnownFileType = sourcecode.cpp.cpp; name = EntityProcessingSystem.cpp; path = ../../../src/EntityProcessingSystem.cpp; sourceTree = "<group>"; };
		22DDD87817FD9F9300751412 /* EntitySystem.cpp */ = {isa = PBXFileReference; fileEncoding = 4; lastKnownFileType = sourcecode.cpp.cpp; name = EntitySystem.cpp; path = ../../../src/EntitySystem.cpp; sourceTree = "<group>"; };
		22DDD87917FD9F9300751412 /* GroupManager.cpp */ = {isa = PBXFileReference; fileEncoding = 4; lastKnownFileType = sourcecode.cpp.cpp; name = GroupManager.cpp; path = ../../../src/GroupManager.cpp; sourceTree = "<group>"; };
		22DDD87A17FD9F9300751412 /* SystemBitManager.cpp */ = {isa = PBXFileReference; fileEncoding = 4; lastKnownFileType = sourcecode.cpp.cpp; name = SystemBitManager.cpp; path = ../../../src/SystemBitManager.cpp; sourceTree = "<group>"; };
		22DDD87B17FD9F9300751412 /* SystemManager.cpp */ = {isa = PBXFileReference; fileEncoding = 4; lastKnownFileType = sourcecode.cpp.cpp; name = SystemManager.cpp; path = ../../../src/SystemManager.cpp; sourceTree = "<group>"; };
		22DDD87C17FD9F9300751412 /* TagManager.cpp */ = {isa = PBXFileReference; fileEncoding = 4; lastKnownFileType = sourcecode.cpp.cpp; name = TagManager.cpp; path = ../../../src/TagManager.cpp; sourceTree = "<group>"; };
		22DDD87D17FD9F9300751412 /* World.cpp */ = {isa = PBXFileReference; fileEncoding = 4; lastKnownFileType = sourcecode.cpp.cpp; name = World.cpp; path = ../../../src/World.cpp; sourceTree = "<group>"; };
		22DDD88D17FD9FA000751412 /* Artemis.h */ = {isa = PBXFileReference; fileEncoding = 4; lastKnownFileType = sourcecode.c.h; name = Artemis.h; path = ../../../include/Artemis.h; sourceTree = "<group>"; };
		22DDD88E17FD9FA000751412 /* BitSize.h */ = {isa = PBXFileReference; fileEncoding = 4; lastKnownFileType = sourcecode.c.h; name = BitSize.h; path = ../../../include/BitSize.h; sourceTree = "<group>"; };
		22DDD88F17FD9FA000751412 /* Component.h */ = {isa = PBXFileReference; fileEncoding = 4; lastKnownFileType = sourcecode.c.h; name = Component.h; path = ../../../include/Component.h; sourceTree = "<group>"; };
		22DDD89017FD9FA000751412 /* ComponentMapper.h */ = {isa = PBXFileReference; fileEncoding = 4; lastKnownFileType = sourcecode.c.h; name = ComponentMapper.h; path = ../../../include/ComponentMapper.h; sourceTree = "<group>"; };
		22DDD89117FD9FA000751412 /* ComponentType.h */ = {isa = PBXFileReference; fileEncoding = 4; lastKnownFileType = sourcecode.c.h; name = ComponentType.h; path = ../../../include/ComponentType.h; sourceTree = "<group>"; };
		22DDD89217FD9FA000751412 /* ComponentTypeManager.h */ = {isa = PBXFileReference; fileEncoding = 4; lastKnownFileType = sourcecode.c.h; name = ComponentTypeManager.h; path = ../../../include/ComponentTypeManager.h; sourceTree = "<group>"; };
		22DDD89317FD9FA000751412 /* DelayedEntityProcessingSystem.h */ = {isa = PBXFileReference; fileEncoding = 4; lastKnownFileType = sourcecode.c.h; name = DelayedEntityProcessingSystem.h; path = ../../../include/DelayedEntityProcessingSystem.h; sourceTree = "<group>"; };
		22DDD89417FD9FA000751412 /* DelayedEntitySystem.h */ = {isa = PBXFileReference; fileEncoding = 4; lastKnownFileType = sourcecode.c.h; name = DelayedEntitySystem.h; path = ../../../include/DelayedEntitySystem.h; sourceTree = "<group>"; };
		22DDD89517FD9FA000751412 /* Entity.h */ = {isa = PBXFileReference; fileEncoding = 4; lastKnownFileType = sourcecode.c.h; name = Entity.h; path = ../../../include/Entity.h; sourceTree = "<group>"; };
		22DDD89617FD9FA000751412 /* EntityManager.h */ = {isa = PBXFileReference; fileEncoding = 4; lastKnownFileType = sourcecode.c.h; name = EntityManager.h; path = ../../../include/EntityManager.h; sourceTree = "<group>"; };
		22DDD89717FD9FA000751412 /* EntityProcessingSystem.h */ = {isa = PBXFileReference; fileEncoding = 4; lastKnownFileType = sourcecode.c.h; name = EntityProcessingSystem.h; path = ../../../include/EntityProcessingSystem.h; sourceTree = "<group>"; };
		22DDD89817FD9FA000751412 /* EntitySystem.h */ = {isa = PBXFileReference; fileEncoding = 4; lastKnownFileType = sourcecode.c.h; name = EntitySystem.h; path = ../../../include/EntitySystem.h; sourceTree = "<group>"; };
		22DDD89917FD9FA000751412 /* GroupManager.h */ = {isa = PBXFileReference; fileEncoding = 4; lastKnownFileType = sourcecode.c.h; name = GroupManager.h; path = ../../../include/GroupManager.h; sourceTree = "<group>"; };
		22DDD89A17FD9FA000751412 /* ImmutableBag.h */ = {isa = PBXFileReference; fileEncoding = 4; lastKnownFileType = sourcecode.c.h; name = ImmutableBag.h; path = ../../../include/ImmutableBag.h; sourceTree = "<group>"; };
		22DDD89B17FD9FA000751412 /* SystemBitManager.h */ = {isa = PBXFileReference; fileEncoding = 4; lastKnownFileType = sourcecode.c.h; name = SystemBitManager.h; path = ../../../include/SystemBitManager.h; sourceTree = "<group>"; };
		22DDD89C17FD9FA000751412 /* SystemManager.h */ = {isa = PBXFileReference; fileEncoding = 4; lastKnownFileType = sourcecode.c.h; name = SystemManager.h; path = ../../../include/SystemManager.h; sourceTree = "<group>"; };
		22DDD89D17FD9FA000751412 /* TagManager.h */ = {isa = PBXFileReference; fileEncoding = 4; lastKnownFileType = sourcecode.c.h; name = TagManager.h; path = ../../../include/TagManager.h; sourceTree = "<group>"; };
		22DDD89E17FD9FA000751412 /* TypeInfoComparator.h */ = {isa = PBXFileReference; fileEncoding = 4; lastKnownFileType = sourcecode.c.h; name = TypeInfoComparator.h; path = ../../../include/TypeInfoComparator.h; sourceTree = "<group>"; };
		22DDD89F17FD9FA000751412 /* World.h */ = {isa = PBXFileReference; fileEncoding = 4; lastKnownFileType = sourcecode.c.h; name = World.h; path = ../../../include/World.h; sourceTree = "<group>"; };
/* End PBXFileReference section */

/* Begin PBXFrameworksBuildPhase section */
		22DDD83417FD9D4600751412 /* Frameworks */ = {
			isa = PBXFrameworksBuildPhase;
			buildActionMask = 2147483647;
			files = (
			);
			runOnlyForDeploymentPostprocessing = 0;
		};
		22DDD84C17FD9D4600751412 /* Frameworks */ = {
			isa = PBXFrameworksBuildPhase;
			buildActionMask = 2147483647;
			files = (
				22DDD85517FD9D4600751412 /* Artemis-Cpp.framework in Frameworks */,
			);
			runOnlyForDeploymentPostprocessing = 0;
		};
/* End PBXFrameworksBuildPhase section */

/* Begin PBXGroup section */
		22DDD82E17FD9D4600751412 = {
			isa = PBXGroup;
			children = (
				22DDD84117FD9D4600751412 /* Artemis-Cpp */,
				22DDD83917FD9D4600751412 /* Products */,
			);
			sourceTree = "<group>";
		};
		22DDD83917FD9D4600751412 /* Products */ = {
			isa = PBXGroup;
			children = (
				22DDD83817FD9D4600751412 /* Artemis-Cpp.framework */,
				22DDD84F17FD9D4600751412 /* Artemis-CppTests.xctest */,
			);
			name = Products;
			sourceTree = "<group>";
		};
		22DDD84117FD9D4600751412 /* Artemis-Cpp */ = {
			isa = PBXGroup;
			children = (
				22DDD86E17FD9F7C00751412 /* Source */,
				22DDD86D17FD9F6C00751412 /* Headers */,
				22DDD84217FD9D4600751412 /* Supporting Files */,
			);
			path = "Artemis-Cpp";
			sourceTree = "<group>";
		};
		22DDD84217FD9D4600751412 /* Supporting Files */ = {
			isa = PBXGroup;
			children = (
				22DDD84317FD9D4600751412 /* Artemis-Cpp-Info.plist */,
				22DDD84417FD9D4600751412 /* InfoPlist.strings */,
				22DDD84717FD9D4600751412 /* Artemis-Cpp-Prefix.pch */,
			);
			name = "Supporting Files";
			sourceTree = "<group>";
		};
		22DDD86D17FD9F6C00751412 /* Headers */ = {
			isa = PBXGroup;
			children = (
				22DDD88D17FD9FA000751412 /* Artemis.h */,
				22DDD88E17FD9FA000751412 /* BitSize.h */,
				22DDD88F17FD9FA000751412 /* Component.h */,
				22DDD89017FD9FA000751412 /* ComponentMapper.h */,
				22DDD89117FD9FA000751412 /* ComponentType.h */,
				22DDD89217FD9FA000751412 /* ComponentTypeManager.h */,
				22DDD89317FD9FA000751412 /* DelayedEntityProcessingSystem.h */,
				22DDD89417FD9FA000751412 /* DelayedEntitySystem.h */,
				22DDD89517FD9FA000751412 /* Entity.h */,
				22DDD89617FD9FA000751412 /* EntityManager.h */,
				22DDD89717FD9FA000751412 /* EntityProcessingSystem.h */,
				22DDD89817FD9FA000751412 /* EntitySystem.h */,
				22DDD89917FD9FA000751412 /* GroupManager.h */,
				22DDD89A17FD9FA000751412 /* ImmutableBag.h */,
				22DDD89B17FD9FA000751412 /* SystemBitManager.h */,
				22DDD89C17FD9FA000751412 /* SystemManager.h */,
				22DDD89D17FD9FA000751412 /* TagManager.h */,
				22DDD89E17FD9FA000751412 /* TypeInfoComparator.h */,
				22DDD89F17FD9FA000751412 /* World.h */,
			);
			name = Headers;
			sourceTree = "<group>";
		};
		22DDD86E17FD9F7C00751412 /* Source */ = {
			isa = PBXGroup;
			children = (
				22DDD86F17FD9F9300751412 /* Component.cpp */,
				22DDD87017FD9F9300751412 /* ComponentType.cpp */,
				22DDD87117FD9F9300751412 /* ComponentTypeManager.cpp */,
				22DDD87217FD9F9300751412 /* DelayedEntityProcessingSystem.cpp */,
				22DDD87317FD9F9300751412 /* DelayedEntitySystem.cpp */,
				22DDD87417FD9F9300751412 /* Entity */,
				22DDD87517FD9F9300751412 /* Entity.cpp */,
				22DDD87617FD9F9300751412 /* EntityManager.cpp */,
				22DDD87717FD9F9300751412 /* EntityProcessingSystem.cpp */,
				22DDD87817FD9F9300751412 /* EntitySystem.cpp */,
				22DDD87917FD9F9300751412 /* GroupManager.cpp */,
				22DDD87A17FD9F9300751412 /* SystemBitManager.cpp */,
				22DDD87B17FD9F9300751412 /* SystemManager.cpp */,
				22DDD87C17FD9F9300751412 /* TagManager.cpp */,
				22DDD87D17FD9F9300751412 /* World.cpp */,
			);
			name = Source;
			sourceTree = "<group>";
		};
/* End PBXGroup section */

/* Begin PBXHeadersBuildPhase section */
		22DDD83517FD9D4600751412 /* Headers */ = {
			isa = PBXHeadersBuildPhase;
			buildActionMask = 2147483647;
			files = (
				22DDD8A517FD9FA000751412 /* ComponentTypeManager.h in Headers */,
				22DDD8A217FD9FA000751412 /* Component.h in Headers */,
				22DDD8AB17FD9FA000751412 /* EntitySystem.h in Headers */,
				22DDD8B017FD9FA000751412 /* TagManager.h in Headers */,
				22DDD8A117FD9FA000751412 /* BitSize.h in Headers */,
				22DDD8AF17FD9FA000751412 /* SystemManager.h in Headers */,
				22DDD8A417FD9FA000751412 /* ComponentType.h in Headers */,
				22DDD8B117FD9FA000751412 /* TypeInfoComparator.h in Headers */,
				22DDD8A717FD9FA000751412 /* DelayedEntitySystem.h in Headers */,
				22DDD8A617FD9FA000751412 /* DelayedEntityProcessingSystem.h in Headers */,
				22DDD8B217FD9FA000751412 /* World.h in Headers */,
				22DDD8AD17FD9FA000751412 /* ImmutableBag.h in Headers */,
				22DDD8A317FD9FA000751412 /* ComponentMapper.h in Headers */,
				22DDD8AE17FD9FA000751412 /* SystemBitManager.h in Headers */,
				22DDD8A817FD9FA000751412 /* Entity.h in Headers */,
				22DDD8A917FD9FA000751412 /* EntityManager.h in Headers */,
				22DDD8AA17FD9FA000751412 /* EntityProcessingSystem.h in Headers */,
				22DDD8AC17FD9FA000751412 /* GroupManager.h in Headers */,
				22DDD8A017FD9FA000751412 /* Artemis.h in Headers */,
			);
			runOnlyForDeploymentPostprocessing = 0;
		};
/* End PBXHeadersBuildPhase section */

/* Begin PBXNativeTarget section */
		22DDD83717FD9D4600751412 /* Artemis-Cpp */ = {
			isa = PBXNativeTarget;
			buildConfigurationList = 22DDD86017FD9D4600751412 /* Build configuration list for PBXNativeTarget "Artemis-Cpp" */;
			buildPhases = (
				22DDD83317FD9D4600751412 /* Sources */,
				22DDD83417FD9D4600751412 /* Frameworks */,
				22DDD83517FD9D4600751412 /* Headers */,
				22DDD83617FD9D4600751412 /* Resources */,
			);
			buildRules = (
			);
			dependencies = (
			);
			name = "Artemis-Cpp";
			productName = "Artemis-Cpp";
			productReference = 22DDD83817FD9D4600751412 /* Artemis-Cpp.framework */;
			productType = "com.apple.product-type.framework";
		};
		22DDD84E17FD9D4600751412 /* Artemis-CppTests */ = {
			isa = PBXNativeTarget;
			buildConfigurationList = 22DDD86317FD9D4600751412 /* Build configuration list for PBXNativeTarget "Artemis-CppTests" */;
			buildPhases = (
				22DDD84B17FD9D4600751412 /* Sources */,
				22DDD84C17FD9D4600751412 /* Frameworks */,
				22DDD84D17FD9D4600751412 /* Resources */,
			);
			buildRules = (
			);
			dependencies = (
				22DDD85417FD9D4600751412 /* PBXTargetDependency */,
			);
			name = "Artemis-CppTests";
			productName = "Artemis-CppTests";
			productReference = 22DDD84F17FD9D4600751412 /* Artemis-CppTests.xctest */;
			productType = "com.apple.product-type.bundle.unit-test";
		};
/* End PBXNativeTarget section */

/* Begin PBXProject section */
		22DDD82F17FD9D4600751412 /* Project object */ = {
			isa = PBXProject;
			attributes = {
				LastUpgradeCheck = 0500;
				ORGANIZATIONNAME = "José Ladislao Lainez Ortega";
				TargetAttributes = {
					22DDD84E17FD9D4600751412 = {
						TestTargetID = 22DDD83717FD9D4600751412;
					};
				};
			};
			buildConfigurationList = 22DDD83217FD9D4600751412 /* Build configuration list for PBXProject "Artemis-Cpp" */;
			compatibilityVersion = "Xcode 3.2";
			developmentRegion = English;
			hasScannedForEncodings = 0;
			knownRegions = (
				en,
			);
			mainGroup = 22DDD82E17FD9D4600751412;
			productRefGroup = 22DDD83917FD9D4600751412 /* Products */;
			projectDirPath = "";
			projectRoot = "";
			targets = (
				22DDD83717FD9D4600751412 /* Artemis-Cpp */,
				22DDD84E17FD9D4600751412 /* Artemis-CppTests */,
			);
		};
/* End PBXProject section */

/* Begin PBXResourcesBuildPhase section */
		22DDD83617FD9D4600751412 /* Resources */ = {
			isa = PBXResourcesBuildPhase;
			buildActionMask = 2147483647;
			files = (
				22DDD84617FD9D4600751412 /* InfoPlist.strings in Resources */,
				22DDD88317FD9F9300751412 /* Entity in Resources */,
			);
			runOnlyForDeploymentPostprocessing = 0;
		};
		22DDD84D17FD9D4600751412 /* Resources */ = {
			isa = PBXResourcesBuildPhase;
			buildActionMask = 2147483647;
			files = (
			);
			runOnlyForDeploymentPostprocessing = 0;
		};
/* End PBXResourcesBuildPhase section */

/* Begin PBXSourcesBuildPhase section */
		22DDD83317FD9D4600751412 /* Sources */ = {
			isa = PBXSourcesBuildPhase;
			buildActionMask = 2147483647;
			files = (
				22DDD87E17FD9F9300751412 /* Component.cpp in Sources */,
				22DDD88917FD9F9300751412 /* SystemBitManager.cpp in Sources */,
				22DDD87F17FD9F9300751412 /* ComponentType.cpp in Sources */,
				22DDD88617FD9F9300751412 /* EntityProcessingSystem.cpp in Sources */,
				22DDD88817FD9F9300751412 /* GroupManager.cpp in Sources */,
				22DDD88717FD9F9300751412 /* EntitySystem.cpp in Sources */,
				22DDD88017FD9F9300751412 /* ComponentTypeManager.cpp in Sources */,
				22DDD88117FD9F9300751412 /* DelayedEntityProcessingSystem.cpp in Sources */,
				22DDD88C17FD9F9300751412 /* World.cpp in Sources */,
				22DDD88417FD9F9300751412 /* Entity.cpp in Sources */,
				22DDD88517FD9F9300751412 /* EntityManager.cpp in Sources */,
				22DDD88A17FD9F9300751412 /* SystemManager.cpp in Sources */,
				22DDD88B17FD9F9300751412 /* TagManager.cpp in Sources */,
				22DDD88217FD9F9300751412 /* DelayedEntitySystem.cpp in Sources */,
			);
			runOnlyForDeploymentPostprocessing = 0;
		};
		22DDD84B17FD9D4600751412 /* Sources */ = {
			isa = PBXSourcesBuildPhase;
			buildActionMask = 2147483647;
			files = (
			);
			runOnlyForDeploymentPostprocessing = 0;
		};
/* End PBXSourcesBuildPhase section */

/* Begin PBXTargetDependency section */
		22DDD85417FD9D4600751412 /* PBXTargetDependency */ = {
			isa = PBXTargetDependency;
			target = 22DDD83717FD9D4600751412 /* Artemis-Cpp */;
			targetProxy = 22DDD85317FD9D4600751412 /* PBXContainerItemProxy */;
		};
/* End PBXTargetDependency section */

/* Begin PBXVariantGroup section */
		22DDD84417FD9D4600751412 /* InfoPlist.strings */ = {
			isa = PBXVariantGroup;
			children = (
				22DDD84517FD9D4600751412 /* en */,
			);
			name = InfoPlist.strings;
			sourceTree = "<group>";
		};
/* End PBXVariantGroup section */

/* Begin XCBuildConfiguration section */
		22DDD85E17FD9D4600751412 /* Debug */ = {
			isa = XCBuildConfiguration;
			buildSettings = {
				ALWAYS_SEARCH_USER_PATHS = NO;
				CLANG_CXX_LANGUAGE_STANDARD = "gnu++0x";
				CLANG_CXX_LIBRARY = "libc++";
				CLANG_ENABLE_OBJC_ARC = YES;
				CLANG_WARN_BOOL_CONVERSION = YES;
				CLANG_WARN_CONSTANT_CONVERSION = YES;
				CLANG_WARN_DIRECT_OBJC_ISA_USAGE = YES_ERROR;
				CLANG_WARN_EMPTY_BODY = YES;
				CLANG_WARN_ENUM_CONVERSION = YES;
				CLANG_WARN_INT_CONVERSION = YES;
				CLANG_WARN_OBJC_ROOT_CLASS = YES_ERROR;
				CLANG_WARN__DUPLICATE_METHOD_MATCH = YES;
				COPY_PHASE_STRIP = NO;
				GCC_C_LANGUAGE_STANDARD = gnu99;
				GCC_DYNAMIC_NO_PIC = NO;
				GCC_ENABLE_OBJC_EXCEPTIONS = YES;
				GCC_OPTIMIZATION_LEVEL = 0;
				GCC_PREPROCESSOR_DEFINITIONS = (
					"DEBUG=1",
					"$(inherited)",
				);
				GCC_SYMBOLS_PRIVATE_EXTERN = NO;
				GCC_WARN_64_TO_32_BIT_CONVERSION = YES;
				GCC_WARN_ABOUT_RETURN_TYPE = YES_ERROR;
				GCC_WARN_UNDECLARED_SELECTOR = YES;
				GCC_WARN_UNINITIALIZED_AUTOS = YES;
				GCC_WARN_UNUSED_FUNCTION = YES;
				GCC_WARN_UNUSED_VARIABLE = YES;
				MACOSX_DEPLOYMENT_TARGET = 10.8;
				ONLY_ACTIVE_ARCH = YES;
				SDKROOT = macosx;
			};
			name = Debug;
		};
		22DDD85F17FD9D4600751412 /* Release */ = {
			isa = XCBuildConfiguration;
			buildSettings = {
				ALWAYS_SEARCH_USER_PATHS = NO;
				CLANG_CXX_LANGUAGE_STANDARD = "gnu++0x";
				CLANG_CXX_LIBRARY = "libc++";
				CLANG_ENABLE_OBJC_ARC = YES;
				CLANG_WARN_BOOL_CONVERSION = YES;
				CLANG_WARN_CONSTANT_CONVERSION = YES;
				CLANG_WARN_DIRECT_OBJC_ISA_USAGE = YES_ERROR;
				CLANG_WARN_EMPTY_BODY = YES;
				CLANG_WARN_ENUM_CONVERSION = YES;
				CLANG_WARN_INT_CONVERSION = YES;
				CLANG_WARN_OBJC_ROOT_CLASS = YES_ERROR;
				CLANG_WARN__DUPLICATE_METHOD_MATCH = YES;
				COPY_PHASE_STRIP = YES;
				DEBUG_INFORMATION_FORMAT = "dwarf-with-dsym";
				ENABLE_NS_ASSERTIONS = NO;
				GCC_C_LANGUAGE_STANDARD = gnu99;
				GCC_ENABLE_OBJC_EXCEPTIONS = YES;
				GCC_WARN_64_TO_32_BIT_CONVERSION = YES;
				GCC_WARN_ABOUT_RETURN_TYPE = YES_ERROR;
				GCC_WARN_UNDECLARED_SELECTOR = YES;
				GCC_WARN_UNINITIALIZED_AUTOS = YES;
				GCC_WARN_UNUSED_FUNCTION = YES;
				GCC_WARN_UNUSED_VARIABLE = YES;
				MACOSX_DEPLOYMENT_TARGET = 10.8;
				SDKROOT = macosx;
			};
			name = Release;
		};
		22DDD86117FD9D4600751412 /* Debug */ = {
			isa = XCBuildConfiguration;
			buildSettings = {
				COMBINE_HIDPI_IMAGES = YES;
				DYLIB_COMPATIBILITY_VERSION = 1;
				DYLIB_CURRENT_VERSION = 1;
				FRAMEWORK_VERSION = A;
				GCC_PRECOMPILE_PREFIX_HEADER = YES;
				GCC_PREFIX_HEADER = "Artemis-Cpp/Artemis-Cpp-Prefix.pch";
				INFOPLIST_FILE = "Artemis-Cpp/Artemis-Cpp-Info.plist";
				PRODUCT_NAME = "$(TARGET_NAME)";
				WRAPPER_EXTENSION = framework;
			};
			name = Debug;
		};
		22DDD86217FD9D4600751412 /* Release */ = {
			isa = XCBuildConfiguration;
			buildSettings = {
				COMBINE_HIDPI_IMAGES = YES;
				DYLIB_COMPATIBILITY_VERSION = 1;
				DYLIB_CURRENT_VERSION = 1;
				FRAMEWORK_VERSION = A;
				GCC_PRECOMPILE_PREFIX_HEADER = YES;
				GCC_PREFIX_HEADER = "Artemis-Cpp/Artemis-Cpp-Prefix.pch";
				INFOPLIST_FILE = "Artemis-Cpp/Artemis-Cpp-Info.plist";
				PRODUCT_NAME = "$(TARGET_NAME)";
				WRAPPER_EXTENSION = framework;
			};
			name = Release;
		};
		22DDD86417FD9D4600751412 /* Debug */ = {
			isa = XCBuildConfiguration;
			buildSettings = {
				BUNDLE_LOADER = "$(BUILT_PRODUCTS_DIR)/Artemis-Cpp.framework/Versions/A/Artemis-Cpp";
				COMBINE_HIDPI_IMAGES = YES;
				FRAMEWORK_SEARCH_PATHS = (
					"$(DEVELOPER_FRAMEWORKS_DIR)",
					"$(inherited)",
				);
				GCC_PRECOMPILE_PREFIX_HEADER = YES;
				GCC_PREFIX_HEADER = "Artemis-Cpp/Artemis-Cpp-Prefix.pch";
				GCC_PREPROCESSOR_DEFINITIONS = (
					"DEBUG=1",
					"$(inherited)",
				);
				INFOPLIST_FILE = "Artemis-CppTests/Artemis-CppTests-Info.plist";
				PRODUCT_NAME = "$(TARGET_NAME)";
				TEST_HOST = "$(BUNDLE_LOADER)";
				WRAPPER_EXTENSION = xctest;
			};
			name = Debug;
		};
		22DDD86517FD9D4600751412 /* Release */ = {
			isa = XCBuildConfiguration;
			buildSettings = {
				BUNDLE_LOADER = "$(BUILT_PRODUCTS_DIR)/Artemis-Cpp.framework/Versions/A/Artemis-Cpp";
				COMBINE_HIDPI_IMAGES = YES;
				FRAMEWORK_SEARCH_PATHS = (
					"$(DEVELOPER_FRAMEWORKS_DIR)",
					"$(inherited)",
				);
				GCC_PRECOMPILE_PREFIX_HEADER = YES;
				GCC_PREFIX_HEADER = "Artemis-Cpp/Artemis-Cpp-Prefix.pch";
				INFOPLIST_FILE = "Artemis-CppTests/Artemis-CppTests-Info.plist";
				PRODUCT_NAME = "$(TARGET_NAME)";
				TEST_HOST = "$(BUNDLE_LOADER)";
				WRAPPER_EXTENSION = xctest;
			};
			name = Release;
		};
/* End XCBuildConfiguration section */

/* Begin XCConfigurationList section */
		22DDD83217FD9D4600751412 /* Build configuration list for PBXProject "Artemis-Cpp" */ = {
			isa = XCConfigurationList;
			buildConfigurations = (
				22DDD85E17FD9D4600751412 /* Debug */,
				22DDD85F17FD9D4600751412 /* Release */,
			);
			defaultConfigurationIsVisible = 0;
			defaultConfigurationName = Release;
		};
		22DDD86017FD9D4600751412 /* Build configuration list for PBXNativeTarget "Artemis-Cpp" */ = {
			isa = XCConfigurationList;
			buildConfigurations = (
				22DDD86117FD9D4600751412 /* Debug */,
				22DDD86217FD9D4600751412 /* Release */,
			);
			defaultConfigurationIsVisible = 0;
		};
		22DDD86317FD9D4600751412 /* Build configuration list for PBXNativeTarget "Artemis-CppTests" */ = {
			isa = XCConfigurationList;
			buildConfigurations = (
				22DDD86417FD9D4600751412 /* Debug */,
				22DDD86517FD9D4600751412 /* Release */,
			);
			defaultConfigurationIsVisible = 0;
		};
/* End XCConfigurationList section */
	};
	rootObject = 22DDD82F17FD9D4600751412 /* Project object */;
}
